
Microsoft Visual Studio Solution File, Format Version 12.00
# Visual Studio Version 17
VisualStudioVersion = 17.7.34202.233
MinimumVisualStudioVersion = 10.0.40219.1
Project("{FAE04EC0-301F-11D3-BF4B-00C04F79EFBC}") = "GaboStore", "GaboStore\GaboStore.csproj", "{0892DB22-107D-408F-96DD-0C65D9981617}"
EndProject
Global
	GlobalSection(SolutionConfigurationPlatforms) = preSolution
		Debug|Any CPU = Debug|Any CPU
		Release|Any CPU = Release|Any CPU
	EndGlobalSection
	GlobalSection(ProjectConfigurationPlatforms) = postSolution
		{0892DB22-107D-408F-96DD-0C65D9981617}.Debug|Any CPU.ActiveCfg = Debug|Any CPU
		{0892DB22-107D-408F-96DD-0C65D9981617}.Debug|Any CPU.Build.0 = Debug|Any CPU
		{0892DB22-107D-408F-96DD-0C65D9981617}.Release|Any CPU.ActiveCfg = Release|Any CPU
		{0892DB22-107D-408F-96DD-0C65D9981617}.Release|Any CPU.Build.0 = Release|Any CPU
	EndGlobalSection
	GlobalSection(SolutionProperties) = preSolution
		HideSolutionNode = FALSE
	EndGlobalSection
	GlobalSection(ExtensibilityGlobals) = postSolution
		SolutionGuid = {EE800171-7A23-486C-A46B-9669360F5719}
	EndGlobalSection
EndGlobal
